
Microsoft Visual Studio Solution File, Format Version 12.00
# Visual Studio Version 16
VisualStudioVersion = 16.0.31911.196
MinimumVisualStudioVersion = 10.0.40219.1
Project("{FAE04EC0-301F-11D3-BF4B-00C04F79EFBC}") = "TEMPLATE.WEB", "TEMPLATE.WEB\TEMPLATE.WEB.csproj", "{5612FA6D-282B-491F-8339-D0581E4DE04B}"
EndProject
Global
	GlobalSection(SolutionConfigurationPlatforms) = preSolution
		Debug|Any CPU = Debug|Any CPU
		Release|Any CPU = Release|Any CPU
	EndGlobalSection
	GlobalSection(ProjectConfigurationPlatforms) = postSolution
		{5612FA6D-282B-491F-8339-D0581E4DE04B}.Debug|Any CPU.ActiveCfg = Debug|Any CPU
		{5612FA6D-282B-491F-8339-D0581E4DE04B}.Debug|Any CPU.Build.0 = Debug|Any CPU
		{5612FA6D-282B-491F-8339-D0581E4DE04B}.Release|Any CPU.ActiveCfg = Release|Any CPU
		{5612FA6D-282B-491F-8339-D0581E4DE04B}.Release|Any CPU.Build.0 = Release|Any CPU
	EndGlobalSection
	GlobalSection(SolutionProperties) = preSolution
		HideSolutionNode = FALSE
	EndGlobalSection
	GlobalSection(ExtensibilityGlobals) = postSolution
		SolutionGuid = {5C1838E2-EFFD-4595-8B99-B34413BC8009}
	EndGlobalSection
EndGlobal
